// !$*UTF8*$!
{
	archiveVersion = 1;
	classes = {
	};
	objectVersion = 46;
	objects = {

/* Begin PBXBuildFile section */
		716482C11A9899FE006F96D8 /* main.m in Sources */ = {isa = PBXBuildFile; fileRef = 716482C01A9899FE006F96D8 /* main.m */; };
		716482C41A9899FE006F96D8 /* AppDelegate.m in Sources */ = {isa = PBXBuildFile; fileRef = 716482C31A9899FE006F96D8 /* AppDelegate.m */; };
		716482C71A9899FE006F96D8 /* ViewController.m in Sources */ = {isa = PBXBuildFile; fileRef = 716482C61A9899FE006F96D8 /* ViewController.m */; };
		716482CA1A9899FE006F96D8 /* Main.storyboard in Resources */ = {isa = PBXBuildFile; fileRef = 716482C81A9899FE006F96D8 /* Main.storyboard */; };
		716482CC1A9899FE006F96D8 /* Images.xcassets in Resources */ = {isa = PBXBuildFile; fileRef = 716482CB1A9899FE006F96D8 /* Images.xcassets */; };
		716482CF1A9899FE006F96D8 /* LaunchScreen.xib in Resources */ = {isa = PBXBuildFile; fileRef = 716482CD1A9899FE006F96D8 /* LaunchScreen.xib */; };
		716482DB1A9899FE006F96D8 /* arraySortTests.m in Sources */ = {isa = PBXBuildFile; fileRef = 716482DA1A9899FE006F96D8 /* arraySortTests.m */; };
/* End PBXBuildFile section */

/* Begin PBXContainerItemProxy section */
		716482D51A9899FE006F96D8 /* PBXContainerItemProxy */ = {
			isa = PBXContainerItemProxy;
			containerPortal = 716482B31A9899FE006F96D8 /* Project object */;
			proxyType = 1;
			remoteGlobalIDString = 716482BA1A9899FE006F96D8;
			remoteInfo = arraySort;
		};
/* End PBXContainerItemProxy section */

/* Begin PBXFileReference section */
		716482BB1A9899FE006F96D8 /* arraySort.app */ = {isa = PBXFileReference; explicitFileType = wrapper.application; includeInIndex = 0; path = arraySort.app; sourceTree = BUILT_PRODUCTS_DIR; };
		716482BF1A9899FE006F96D8 /* Info.plist */ = {isa = PBXFileReference; lastKnownFileType = text.plist.xml; path = Info.plist; sourceTree = "<group>"; };
		716482C01A9899FE006F96D8 /* main.m */ = {isa = PBXFileReference; lastKnownFileType = sourcecode.c.objc; path = main.m; sourceTree = "<group>"; };
		716482C21A9899FE006F96D8 /* AppDelegate.h */ = {isa = PBXFileReference; lastKnownFileType = sourcecode.c.h; path = AppDelegate.h; sourceTree = "<group>"; };
		716482C31A9899FE006F96D8 /* AppDelegate.m */ = {isa = PBXFileReference; lastKnownFileType = sourcecode.c.objc; path = AppDelegate.m; sourceTree = "<group>"; };
		716482C51A9899FE006F96D8 /* ViewController.h */ = {isa = PBXFileReference; lastKnownFileType = sourcecode.c.h; path = ViewController.h; sourceTree = "<group>"; };
		716482C61A9899FE006F96D8 /* ViewController.m */ = {isa = PBXFileReference; lastKnownFileType = sourcecode.c.objc; path = ViewController.m; sourceTree = "<group>"; };
		716482C91A9899FE006F96D8 /* Base */ = {isa = PBXFileReference; lastKnownFileType = file.storyboard; name = Base; path = Base.lproj/Main.storyboard; sourceTree = "<group>"; };
		716482CB1A9899FE006F96D8 /* Images.xcassets */ = {isa = PBXFileReference; lastKnownFileType = folder.assetcatalog; path = Images.xcassets; sourceTree = "<group>"; };
		716482CE1A9899FE006F96D8 /* Base */ = {isa = PBXFileReference; lastKnownFileType = file.xib; name = Base; path = Base.lproj/LaunchScreen.xib; sourceTree = "<group>"; };
		716482D41A9899FE006F96D8 /* arraySortTests.xctest */ = {isa = PBXFileReference; explicitFileType = wrapper.cfbundle; includeInIndex = 0; path = arraySortTests.xctest; sourceTree = BUILT_PRODUCTS_DIR; };
		716482D91A9899FE006F96D8 /* Info.plist */ = {isa = PBXFileReference; lastKnownFileType = text.plist.xml; path = Info.plist; sourceTree = "<group>"; };
		716482DA1A9899FE006F96D8 /* arraySortTests.m */ = {isa = PBXFileReference; lastKnownFileType = sourcecode.c.objc; path = arraySortTests.m; sourceTree = "<group>"; };
/* End PBXFileReference section */

/* Begin PBXFrameworksBuildPhase section */
		716482B81A9899FE006F96D8 /* Frameworks */ = {
			isa = PBXFrameworksBuildPhase;
			buildActionMask = 2147483647;
			files = (
			);
			runOnlyForDeploymentPostprocessing = 0;
		};
		716482D11A9899FE006F96D8 /* Frameworks */ = {
			isa = PBXFrameworksBuildPhase;
			buildActionMask = 2147483647;
			files = (
			);
			runOnlyForDeploymentPostprocessing = 0;
		};
/* End PBXFrameworksBuildPhase section */

/* Begin PBXGroup section */
		716482B21A9899FE006F96D8 = {
			isa = PBXGroup;
			children = (
				716482BD1A9899FE006F96D8 /* arraySort */,
				716482D71A9899FE006F96D8 /* arraySortTests */,
				716482BC1A9899FE006F96D8 /* Products */,
			);
			sourceTree = "<group>";
		};
		716482BC1A9899FE006F96D8 /* Products */ = {
			isa = PBXGroup;
			children = (
				716482BB1A9899FE006F96D8 /* arraySort.app */,
				716482D41A9899FE006F96D8 /* arraySortTests.xctest */,
			);
			name = Products;
			sourceTree = "<group>";
		};
		716482BD1A9899FE006F96D8 /* arraySort */ = {
			isa = PBXGroup;
			children = (
				716482C21A9899FE006F96D8 /* AppDelegate.h */,
				716482C31A9899FE006F96D8 /* AppDelegate.m */,
				716482C51A9899FE006F96D8 /* ViewController.h */,
				716482C61A9899FE006F96D8 /* ViewController.m */,
				716482C81A9899FE006F96D8 /* Main.storyboard */,
				716482CB1A9899FE006F96D8 /* Images.xcassets */,
				716482CD1A9899FE006F96D8 /* LaunchScreen.xib */,
				716482BE1A9899FE006F96D8 /* Supporting Files */,
			);
			path = arraySort;
			sourceTree = "<group>";
		};
		716482BE1A9899FE006F96D8 /* Supporting Files */ = {
			isa = PBXGroup;
			children = (
				716482BF1A9899FE006F96D8 /* Info.plist */,
				716482C01A9899FE006F96D8 /* main.m */,
			);
			name = "Supporting Files";
			sourceTree = "<group>";
		};
		716482D71A9899FE006F96D8 /* arraySortTests */ = {
			isa = PBXGroup;
			children = (
				716482DA1A9899FE006F96D8 /* arraySortTests.m */,
				716482D81A9899FE006F96D8 /* Supporting Files */,
			);
			path = arraySortTests;
			sourceTree = "<group>";
		};
		716482D81A9899FE006F96D8 /* Supporting Files */ = {
			isa = PBXGroup;
			children = (
				716482D91A9899FE006F96D8 /* Info.plist */,
			);
			name = "Supporting Files";
			sourceTree = "<group>";
		};
/* End PBXGroup section */

/* Begin PBXNativeTarget section */
		716482BA1A9899FE006F96D8 /* arraySort */ = {
			isa = PBXNativeTarget;
			buildConfigurationList = 716482DE1A9899FE006F96D8 /* Build configuration list for PBXNativeTarget "arraySort" */;
			buildPhases = (
				716482B71A9899FE006F96D8 /* Sources */,
				716482B81A9899FE006F96D8 /* Frameworks */,
				716482B91A9899FE006F96D8 /* Resources */,
			);
			buildRules = (
			);
			dependencies = (
			);
			name = arraySort;
			productName = arraySort;
			productReference = 716482BB1A9899FE006F96D8 /* arraySort.app */;
			productType = "com.apple.product-type.application";
		};
		716482D31A9899FE006F96D8 /* arraySortTests */ = {
			isa = PBXNativeTarget;
			buildConfigurationList = 716482E11A9899FE006F96D8 /* Build configuration list for PBXNativeTarget "arraySortTests" */;
			buildPhases = (
				716482D01A9899FE006F96D8 /* Sources */,
				716482D11A9899FE006F96D8 /* Frameworks */,
				716482D21A9899FE006F96D8 /* Resources */,
			);
			buildRules = (
			);
			dependencies = (
				716482D61A9899FE006F96D8 /* PBXTargetDependency */,
			);
			name = arraySortTests;
			productName = arraySortTests;
			productReference = 716482D41A9899FE006F96D8 /* arraySortTests.xctest */;
			productType = "com.apple.product-type.bundle.unit-test";
		};
/* End PBXNativeTarget section */

/* Begin PBXProject section */
		716482B31A9899FE006F96D8 /* Project object */ = {
			isa = PBXProject;
			attributes = {
				LastUpgradeCheck = 0610;
				ORGANIZATIONNAME = bbu;
				TargetAttributes = {
					716482BA1A9899FE006F96D8 = {
						CreatedOnToolsVersion = 6.1.1;
					};
					716482D31A9899FE006F96D8 = {
						CreatedOnToolsVersion = 6.1.1;
						TestTargetID = 716482BA1A9899FE006F96D8;
					};
				};
			};
			buildConfigurationList = 716482B61A9899FE006F96D8 /* Build configuration list for PBXProject "arraySort" */;
			compatibilityVersion = "Xcode 3.2";
			developmentRegion = English;
			hasScannedForEncodings = 0;
			knownRegions = (
				en,
				Base,
			);
			mainGroup = 716482B21A9899FE006F96D8;
			productRefGroup = 716482BC1A9899FE006F96D8 /* Products */;
			projectDirPath = "";
			projectRoot = "";
			targets = (
				716482BA1A9899FE006F96D8 /* arraySort */,
				716482D31A9899FE006F96D8 /* arraySortTests */,
			);
		};
/* End PBXProject section */

/* Begin PBXResourcesBuildPhase section */
		716482B91A9899FE006F96D8 /* Resources */ = {
			isa = PBXResourcesBuildPhase;
			buildActionMask = 2147483647;
			files = (
				716482CA1A9899FE006F96D8 /* Main.storyboard in Resources */,
				716482CF1A9899FE006F96D8 /* LaunchScreen.xib in Resources */,
				716482CC1A9899FE006F96D8 /* Images.xcassets in Resources */,
			);
			runOnlyForDeploymentPostprocessing = 0;
		};
		716482D21A9899FE006F96D8 /* Resources */ = {
			isa = PBXResourcesBuildPhase;
			buildActionMask = 2147483647;
			files = (
			);
			runOnlyForDeploymentPostprocessing = 0;
		};
/* End PBXResourcesBuildPhase section */

/* Begin PBXSourcesBuildPhase section */
		716482B71A9899FE006F96D8 /* Sources */ = {
			isa = PBXSourcesBuildPhase;
			buildActionMask = 2147483647;
			files = (
				716482C71A9899FE006F96D8 /* ViewController.m in Sources */,
				716482C41A9899FE006F96D8 /* AppDelegate.m in Sources */,
				716482C11A9899FE006F96D8 /* main.m in Sources */,
			);
			runOnlyForDeploymentPostprocessing = 0;
		};
		716482D01A9899FE006F96D8 /* Sources */ = {
			isa = PBXSourcesBuildPhase;
			buildActionMask = 2147483647;
			files = (
				716482DB1A9899FE006F96D8 /* arraySortTests.m in Sources */,
			);
			runOnlyForDeploymentPostprocessing = 0;
		};
/* End PBXSourcesBuildPhase section */

/* Begin PBXTargetDependency section */
		716482D61A9899FE006F96D8 /* PBXTargetDependency */ = {
			isa = PBXTargetDependency;
			target = 716482BA1A9899FE006F96D8 /* arraySort */;
			targetProxy = 716482D51A9899FE006F96D8 /* PBXContainerItemProxy */;
		};
/* End PBXTargetDependency section */

/* Begin PBXVariantGroup section */
		716482C81A9899FE006F96D8 /* Main.storyboard */ = {
			isa = PBXVariantGroup;
			children = (
				716482C91A9899FE006F96D8 /* Base */,
			);
			name = Main.storyboard;
			sourceTree = "<group>";
		};
		716482CD1A9899FE006F96D8 /* LaunchScreen.xib */ = {
			isa = PBXVariantGroup;
			children = (
				716482CE1A9899FE006F96D8 /* Base */,
			);
			name = LaunchScreen.xib;
			sourceTree = "<group>";
		};
/* End PBXVariantGroup section */

/* Begin XCBuildConfiguration section */
		716482DC1A9899FE006F96D8 /* Debug */ = {
			isa = XCBuildConfiguration;
			buildSettings = {
				ALWAYS_SEARCH_USER_PATHS = NO;
				CLANG_CXX_LANGUAGE_STANDARD = "gnu++0x";
				CLANG_CXX_LIBRARY = "libc++";
				CLANG_ENABLE_MODULES = YES;
				CLANG_ENABLE_OBJC_ARC = YES;
				CLANG_WARN_BOOL_CONVERSION = YES;
				CLANG_WARN_CONSTANT_CONVERSION = YES;
				CLANG_WARN_DIRECT_OBJC_ISA_USAGE = YES_ERROR;
				CLANG_WARN_EMPTY_BODY = YES;
				CLANG_WARN_ENUM_CONVERSION = YES;
				CLANG_WARN_INT_CONVERSION = YES;
				CLANG_WARN_OBJC_ROOT_CLASS = YES_ERROR;
				CLANG_WARN_UNREACHABLE_CODE = YES;
				CLANG_WARN__DUPLICATE_METHOD_MATCH = YES;
				"CODE_SIGN_IDENTITY[sdk=iphoneos*]" = "iPhone Developer";
				COPY_PHASE_STRIP = NO;
				ENABLE_STRICT_OBJC_MSGSEND = YES;
				GCC_C_LANGUAGE_STANDARD = gnu99;
				GCC_DYNAMIC_NO_PIC = NO;
				GCC_OPTIMIZATION_LEVEL = 0;
				GCC_PREPROCESSOR_DEFINITIONS = (
					"DEBUG=1",
					"$(inherited)",
				);
				GCC_SYMBOLS_PRIVATE_EXTERN = NO;
				GCC_WARN_64_TO_32_BIT_CONVERSION = YES;
				GCC_WARN_ABOUT_RETURN_TYPE = YES_ERROR;
				GCC_WARN_UNDECLARED_SELECTOR = YES;
				GCC_WARN_UNINITIALIZED_AUTOS = YES_AGGRESSIVE;
				GCC_WARN_UNUSED_FUNCTION = YES;
				GCC_WARN_UNUSED_VARIABLE = YES;
				IPHONEOS_DEPLOYMENT_TARGET = 8.1;
				MTL_ENABLE_DEBUG_INFO = YES;
				ONLY_ACTIVE_ARCH = YES;
				SDKROOT = iphoneos;
				TARGETED_DEVICE_FAMILY = "1,2";
			};
			name = Debug;
		};
		716482DD1A9899FE006F96D8 /* Release */ = {
			isa = XCBuildConfiguration;
			buildSettings = {
				ALWAYS_SEARCH_USER_PATHS = NO;
				CLANG_CXX_LANGUAGE_STANDARD = "gnu++0x";
				CLANG_CXX_LIBRARY = "libc++";
				CLANG_ENABLE_MODULES = YES;
				CLANG_ENABLE_OBJC_ARC = YES;
				CLANG_WARN_BOOL_CONVERSION = YES;
				CLANG_WARN_CONSTANT_CONVERSION = YES;
				CLANG_WARN_DIRECT_OBJC_ISA_USAGE = YES_ERROR;
				CLANG_WARN_EMPTY_BODY = YES;
				CLANG_WARN_ENUM_CONVERSION = YES;
				CLANG_WARN_INT_CONVERSION = YES;
				CLANG_WARN_OBJC_ROOT_CLASS = YES_ERROR;
				CLANG_WARN_UNREACHABLE_CODE = YES;
				CLANG_WARN__DUPLICATE_METHOD_MATCH = YES;
				"CODE_SIGN_IDENTITY[sdk=iphoneos*]" = "iPhone Developer";
				COPY_PHASE_STRIP = YES;
				ENABLE_NS_ASSERTIONS = NO;
				ENABLE_STRICT_OBJC_MSGSEND = YES;
				GCC_C_LANGUAGE_STANDARD = gnu99;
				GCC_WARN_64_TO_32_BIT_CONVERSION = YES;
				GCC_WARN_ABOUT_RETURN_TYPE = YES_ERROR;
				GCC_WARN_UNDECLARED_SELECTOR = YES;
				GCC_WARN_UNINITIALIZED_AUTOS = YES_AGGRESSIVE;
				GCC_WARN_UNUSED_FUNCTION = YES;
				GCC_WARN_UNUSED_VARIABLE = YES;
				IPHONEOS_DEPLOYMENT_TARGET = 8.1;
				MTL_ENABLE_DEBUG_INFO = NO;
				SDKROOT = iphoneos;
				TARGETED_DEVICE_FAMILY = "1,2";
				VALIDATE_PRODUCT = YES;
			};
			name = Release;
		};
		716482DF1A9899FE006F96D8 /* Debug */ = {
			isa = XCBuildConfiguration;
			buildSettings = {
				ASSETCATALOG_COMPILER_APPICON_NAME = AppIcon;
				INFOPLIST_FILE = arraySort/Info.plist;
				LD_RUNPATH_SEARCH_PATHS = "$(inherited) @executable_path/Frameworks";
				PRODUCT_NAME = "$(TARGET_NAME)";
			};
			name = Debug;
		};
		716482E01A9899FE006F96D8 /* Release */ = {
			isa = XCBuildConfiguration;
			buildSettings = {
				ASSETCATALOG_COMPILER_APPICON_NAME = AppIcon;
				INFOPLIST_FILE = arraySort/Info.plist;
				LD_RUNPATH_SEARCH_PATHS = "$(inherited) @executable_path/Frameworks";
				PRODUCT_NAME = "$(TARGET_NAME)";
			};
			name = Release;
		};
		716482E21A9899FE006F96D8 /* Debug */ = {
			isa = XCBuildConfiguration;
			buildSettings = {
				BUNDLE_LOADER = "$(TEST_HOST)";
				FRAMEWORK_SEARCH_PATHS = (
					"$(SDKROOT)/Developer/Library/Frameworks",
					"$(inherited)",
				);
				GCC_PREPROCESSOR_DEFINITIONS = (
					"DEBUG=1",
					"$(inherited)",
				);
				INFOPLIST_FILE = arraySortTests/Info.plist;
				LD_RUNPATH_SEARCH_PATHS = "$(inherited) @executable_path/Frameworks @loader_path/Frameworks";
				PRODUCT_NAME = "$(TARGET_NAME)";
				TEST_HOST = "$(BUILT_PRODUCTS_DIR)/arraySort.app/arraySort";
			};
			name = Debug;
		};
		716482E31A9899FE006F96D8 /* Release */ = {
			isa = XCBuildConfiguration;
			buildSettings = {
				BUNDLE_LOADER = "$(TEST_HOST)";
				FRAMEWORK_SEARCH_PATHS = (
					"$(SDKROOT)/Developer/Library/Frameworks",
					"$(inherited)",
				);
				INFOPLIST_FILE = arraySortTests/Info.plist;
				LD_RUNPATH_SEARCH_PATHS = "$(inherited) @executable_path/Frameworks @loader_path/Frameworks";
				PRODUCT_NAME = "$(TARGET_NAME)";
				TEST_HOST = "$(BUILT_PRODUCTS_DIR)/arraySort.app/arraySort";
			};
			name = Release;
		};
/* End XCBuildConfiguration section */

/* Begin XCConfigurationList section */
		716482B61A9899FE006F96D8 /* Build configuration list for PBXProject "arraySort" */ = {
			isa = XCConfigurationList;
			buildConfigurations = (
				716482DC1A9899FE006F96D8 /* Debug */,
				716482DD1A9899FE006F96D8 /* Release */,
			);
			defaultConfigurationIsVisible = 0;
			defaultConfigurationName = Release;
		};
		716482DE1A9899FE006F96D8 /* Build configuration list for PBXNativeTarget "arraySort" */ = {
			isa = XCConfigurationList;
			buildConfigurations = (
				716482DF1A9899FE006F96D8 /* Debug */,
				716482E01A9899FE006F96D8 /* Release */,
			);
			defaultConfigurationIsVisible = 0;
		};
		716482E11A9899FE006F96D8 /* Build configuration list for PBXNativeTarget "arraySortTests" */ = {
			isa = XCConfigurationList;
			buildConfigurations = (
				716482E21A9899FE006F96D8 /* Debug */,
				716482E31A9899FE006F96D8 /* Release */,
			);
			defaultConfigurationIsVisible = 0;
		};
/* End XCConfigurationList section */
	};
	rootObject = 716482B31A9899FE006F96D8 /* Project object */;
}
